
Microsoft Visual Studio Solution File, Format Version 12.00
# Visual Studio 15
VisualStudioVersion = 15.0.28010.2036
MinimumVisualStudioVersion = 10.0.40219.1
Project("{FAE04EC0-301F-11D3-BF4B-00C04F79EFBC}") = "MongoCsharpGenericDriver", "MongoCsharpGenericDriver\MongoCsharpGenericDriver.csproj", "{0483F4DB-F4E4-4254-A172-F8426C2AD5B6}"
EndProject
Global
	GlobalSection(SolutionConfigurationPlatforms) = preSolution
		Debug|Any CPU = Debug|Any CPU
		Release|Any CPU = Release|Any CPU
	EndGlobalSection
	GlobalSection(ProjectConfigurationPlatforms) = postSolution
		{0483F4DB-F4E4-4254-A172-F8426C2AD5B6}.Debug|Any CPU.ActiveCfg = Debug|Any CPU
		{0483F4DB-F4E4-4254-A172-F8426C2AD5B6}.Debug|Any CPU.Build.0 = Debug|Any CPU
		{0483F4DB-F4E4-4254-A172-F8426C2AD5B6}.Release|Any CPU.ActiveCfg = Release|Any CPU
		{0483F4DB-F4E4-4254-A172-F8426C2AD5B6}.Release|Any CPU.Build.0 = Release|Any CPU
	EndGlobalSection
	GlobalSection(SolutionProperties) = preSolution
		HideSolutionNode = FALSE
	EndGlobalSection
	GlobalSection(ExtensibilityGlobals) = postSolution
		SolutionGuid = {D901CD9E-F7B2-4B8C-B748-928B129A62DC}
	EndGlobalSection
EndGlobal
